{
  "originHash" : "ade28843c7acfe5d5528938cb93249f14a6f1f313d046b082cd55cbcbe9b8855",
  "pins" : [
    {
      "identity" : "alamofire",
      "kind" : "remoteSourceControl",
      "location" : "https://github.com/Alamofire/Alamofire.git",
      "state" : {
        "revision" : "f455c2975872ccd2d9c81594c658af65716e9b9a",
        "version" : "5.9.1"
      }
    },
    {
      "identity" : "alamofireimage",
      "kind" : "remoteSourceControl",
      "location" : "https://github.com/Alamofire/AlamofireImage.git",
      "state" : {
        "revision" : "1eaf3b6c6882bed10f6e7b119665599dd2329aa1",
        "version" : "4.3.0"
      }
    },
    {
      "identity" : "resolver",
      "kind" : "remoteSourceControl",
      "location" : "https://github.com/hmlongco/Resolver.git",
      "state" : {
        "revision" : "47602af1ac8d7952299fbd0bda3cfbd12cf3a8ca",
        "version" : "1.5.1"
      }
    }
  ],
  "version" : 3
}
