// !$*UTF8*$!
{
	archiveVersion = 1;
	classes = {
	};
	objectVersion = 56;
	objects = {

/* Begin PBXBuildFile section */
		25279E072C03E48700E54DA6 /* AppDelegate.swift in Sources */ = {isa = PBXBuildFile; fileRef = 25279E062C03E48700E54DA6 /* AppDelegate.swift */; };
		25279E0E2C03E48700E54DA6 /* Base in Resources */ = {isa = PBXBuildFile; fileRef = 25279E0D2C03E48700E54DA6 /* Base */; };
		25279E102C03E48800E54DA6 /* Assets.xcassets in Resources */ = {isa = PBXBuildFile; fileRef = 25279E0F2C03E48800E54DA6 /* Assets.xcassets */; };
		25279E132C03E48800E54DA6 /* Base in Resources */ = {isa = PBXBuildFile; fileRef = 25279E122C03E48800E54DA6 /* Base */; };
		25279E1E2C03E48900E54DA6 /* PokedexTests.swift in Sources */ = {isa = PBXBuildFile; fileRef = 25279E1D2C03E48900E54DA6 /* PokedexTests.swift */; };
		25279E282C03E48900E54DA6 /* PokedexUITests.swift in Sources */ = {isa = PBXBuildFile; fileRef = 25279E272C03E48900E54DA6 /* PokedexUITests.swift */; };
		25279E2A2C03E48900E54DA6 /* PokedexUITestsLaunchTests.swift in Sources */ = {isa = PBXBuildFile; fileRef = 25279E292C03E48900E54DA6 /* PokedexUITestsLaunchTests.swift */; };
		25279E3F2C04D37800E54DA6 /* PokeListViewController.swift in Sources */ = {isa = PBXBuildFile; fileRef = 25279E3E2C04D37800E54DA6 /* PokeListViewController.swift */; };
		25279E432C04D44100E54DA6 /* PokeListCoordinator.swift in Sources */ = {isa = PBXBuildFile; fileRef = 25279E422C04D44100E54DA6 /* PokeListCoordinator.swift */; };
		25279E462C04D6F100E54DA6 /* Coordinator.swift in Sources */ = {isa = PBXBuildFile; fileRef = 25279E452C04D6F100E54DA6 /* Coordinator.swift */; };
		25279E482C04D81100E54DA6 /* AppCoordinator.swift in Sources */ = {isa = PBXBuildFile; fileRef = 25279E472C04D81100E54DA6 /* AppCoordinator.swift */; };
		25279E4A2C04DCE100E54DA6 /* PokeListViewModel.swift in Sources */ = {isa = PBXBuildFile; fileRef = 25279E492C04DCE100E54DA6 /* PokeListViewModel.swift */; };
		25279E4C2C04E05A00E54DA6 /* BaseViewModel.swift in Sources */ = {isa = PBXBuildFile; fileRef = 25279E4B2C04E05A00E54DA6 /* BaseViewModel.swift */; };
		25279E4E2C04E1BB00E54DA6 /* PokeListDomain.swift in Sources */ = {isa = PBXBuildFile; fileRef = 25279E4D2C04E1BB00E54DA6 /* PokeListDomain.swift */; };
		25279E542C05661100E54DA6 /* AlamofireImage in Frameworks */ = {isa = PBXBuildFile; productRef = 25279E532C05661100E54DA6 /* AlamofireImage */; };
		25279E5A2C057CA300E54DA6 /* PokeFont.ttf in Resources */ = {isa = PBXBuildFile; fileRef = 25279E592C057CA300E54DA6 /* PokeFont.ttf */; };
		25279E5D2C0580EF00E54DA6 /* NetworkProvider.swift in Sources */ = {isa = PBXBuildFile; fileRef = 25279E5C2C0580EF00E54DA6 /* NetworkProvider.swift */; };
		25279E5F2C05829C00E54DA6 /* NetworkClient.swift in Sources */ = {isa = PBXBuildFile; fileRef = 25279E5E2C05829C00E54DA6 /* NetworkClient.swift */; };
		25279E612C0583AF00E54DA6 /* NetworkError.swift in Sources */ = {isa = PBXBuildFile; fileRef = 25279E602C0583AF00E54DA6 /* NetworkError.swift */; };
		25279E632C05848100E54DA6 /* URLSessionNetworkProvider.swift in Sources */ = {isa = PBXBuildFile; fileRef = 25279E622C05848100E54DA6 /* URLSessionNetworkProvider.swift */; };
		25279E652C058D1500E54DA6 /* AppDependencies.swift in Sources */ = {isa = PBXBuildFile; fileRef = 25279E642C058D1500E54DA6 /* AppDependencies.swift */; };
		25279E672C058E0400E54DA6 /* BaseNetworkProvider.swift in Sources */ = {isa = PBXBuildFile; fileRef = 25279E662C058E0400E54DA6 /* BaseNetworkProvider.swift */; };
		25279E692C058F8900E54DA6 /* BaseNetworkProviderRequest.swift in Sources */ = {isa = PBXBuildFile; fileRef = 25279E682C058F8900E54DA6 /* BaseNetworkProviderRequest.swift */; };
		25279E6C2C05966000E54DA6 /* Swinject in Frameworks */ = {isa = PBXBuildFile; productRef = 25279E6B2C05966000E54DA6 /* Swinject */; };
		25279E6E2C07A07600E54DA6 /* PokeListWorker.swift in Sources */ = {isa = PBXBuildFile; fileRef = 25279E6D2C07A07600E54DA6 /* PokeListWorker.swift */; };
		25279E712C07A61700E54DA6 /* Pokemon.swift in Sources */ = {isa = PBXBuildFile; fileRef = 25279E702C07A61700E54DA6 /* Pokemon.swift */; };
		25279E732C08240E00E54DA6 /* Pagination.swift in Sources */ = {isa = PBXBuildFile; fileRef = 25279E722C08240E00E54DA6 /* Pagination.swift */; };
		25279E752C082C9200E54DA6 /* PokeListViewUI.swift in Sources */ = {isa = PBXBuildFile; fileRef = 25279E742C082C9200E54DA6 /* PokeListViewUI.swift */; };
		25279E772C082D8600E54DA6 /* PokeListListCell.swift in Sources */ = {isa = PBXBuildFile; fileRef = 25279E762C082D8600E54DA6 /* PokeListListCell.swift */; };
		25279E792C08F24F00E54DA6 /* PokeDetailsView.swift in Sources */ = {isa = PBXBuildFile; fileRef = 25279E782C08F24F00E54DA6 /* PokeDetailsView.swift */; };
		25279E7D2C096EC200E54DA6 /* PokeDetailsViewModel.swift in Sources */ = {isa = PBXBuildFile; fileRef = 25279E7C2C096EC200E54DA6 /* PokeDetailsViewModel.swift */; };
		25279E7F2C096F2D00E54DA6 /* PokeDetailsDomain.swift in Sources */ = {isa = PBXBuildFile; fileRef = 25279E7E2C096F2D00E54DA6 /* PokeDetailsDomain.swift */; };
		25279E812C09713000E54DA6 /* PokeDetailsWorker.swift in Sources */ = {isa = PBXBuildFile; fileRef = 25279E802C09713000E54DA6 /* PokeDetailsWorker.swift */; };
/* End PBXBuildFile section */

/* Begin PBXContainerItemProxy section */
		25279E1A2C03E48900E54DA6 /* PBXContainerItemProxy */ = {
			isa = PBXContainerItemProxy;
			containerPortal = 25279DFB2C03E48700E54DA6 /* Project object */;
			proxyType = 1;
			remoteGlobalIDString = 25279E022C03E48700E54DA6;
			remoteInfo = Pokedex;
		};
		25279E242C03E48900E54DA6 /* PBXContainerItemProxy */ = {
			isa = PBXContainerItemProxy;
			containerPortal = 25279DFB2C03E48700E54DA6 /* Project object */;
			proxyType = 1;
			remoteGlobalIDString = 25279E022C03E48700E54DA6;
			remoteInfo = Pokedex;
		};
/* End PBXContainerItemProxy section */

/* Begin PBXFileReference section */
		25279E032C03E48700E54DA6 /* Pokedex.app */ = {isa = PBXFileReference; explicitFileType = wrapper.application; includeInIndex = 0; path = Pokedex.app; sourceTree = BUILT_PRODUCTS_DIR; };
		25279E062C03E48700E54DA6 /* AppDelegate.swift */ = {isa = PBXFileReference; lastKnownFileType = sourcecode.swift; path = AppDelegate.swift; sourceTree = "<group>"; };
		25279E0D2C03E48700E54DA6 /* Base */ = {isa = PBXFileReference; lastKnownFileType = file.storyboard; name = Base; path = Base.lproj/Main.storyboard; sourceTree = "<group>"; };
		25279E0F2C03E48800E54DA6 /* Assets.xcassets */ = {isa = PBXFileReference; lastKnownFileType = folder.assetcatalog; path = Assets.xcassets; sourceTree = "<group>"; };
		25279E122C03E48800E54DA6 /* Base */ = {isa = PBXFileReference; lastKnownFileType = file.storyboard; name = Base; path = Base.lproj/LaunchScreen.storyboard; sourceTree = "<group>"; };
		25279E142C03E48800E54DA6 /* Info.plist */ = {isa = PBXFileReference; lastKnownFileType = text.plist.xml; path = Info.plist; sourceTree = "<group>"; };
		25279E192C03E48900E54DA6 /* PokedexTests.xctest */ = {isa = PBXFileReference; explicitFileType = wrapper.cfbundle; includeInIndex = 0; path = PokedexTests.xctest; sourceTree = BUILT_PRODUCTS_DIR; };
		25279E1D2C03E48900E54DA6 /* PokedexTests.swift */ = {isa = PBXFileReference; lastKnownFileType = sourcecode.swift; path = PokedexTests.swift; sourceTree = "<group>"; };
		25279E232C03E48900E54DA6 /* PokedexUITests.xctest */ = {isa = PBXFileReference; explicitFileType = wrapper.cfbundle; includeInIndex = 0; path = PokedexUITests.xctest; sourceTree = BUILT_PRODUCTS_DIR; };
		25279E272C03E48900E54DA6 /* PokedexUITests.swift */ = {isa = PBXFileReference; lastKnownFileType = sourcecode.swift; path = PokedexUITests.swift; sourceTree = "<group>"; };
		25279E292C03E48900E54DA6 /* PokedexUITestsLaunchTests.swift */ = {isa = PBXFileReference; lastKnownFileType = sourcecode.swift; path = PokedexUITestsLaunchTests.swift; sourceTree = "<group>"; };
		25279E3E2C04D37800E54DA6 /* PokeListViewController.swift */ = {isa = PBXFileReference; lastKnownFileType = sourcecode.swift; path = PokeListViewController.swift; sourceTree = "<group>"; };
		25279E422C04D44100E54DA6 /* PokeListCoordinator.swift */ = {isa = PBXFileReference; lastKnownFileType = sourcecode.swift; path = PokeListCoordinator.swift; sourceTree = "<group>"; };
		25279E452C04D6F100E54DA6 /* Coordinator.swift */ = {isa = PBXFileReference; lastKnownFileType = sourcecode.swift; path = Coordinator.swift; sourceTree = "<group>"; };
		25279E472C04D81100E54DA6 /* AppCoordinator.swift */ = {isa = PBXFileReference; lastKnownFileType = sourcecode.swift; path = AppCoordinator.swift; sourceTree = "<group>"; };
		25279E492C04DCE100E54DA6 /* PokeListViewModel.swift */ = {isa = PBXFileReference; lastKnownFileType = sourcecode.swift; path = PokeListViewModel.swift; sourceTree = "<group>"; };
		25279E4B2C04E05A00E54DA6 /* BaseViewModel.swift */ = {isa = PBXFileReference; lastKnownFileType = sourcecode.swift; path = BaseViewModel.swift; sourceTree = "<group>"; };
		25279E4D2C04E1BB00E54DA6 /* PokeListDomain.swift */ = {isa = PBXFileReference; lastKnownFileType = sourcecode.swift; path = PokeListDomain.swift; sourceTree = "<group>"; };
		25279E592C057CA300E54DA6 /* PokeFont.ttf */ = {isa = PBXFileReference; lastKnownFileType = file; path = PokeFont.ttf; sourceTree = "<group>"; };
		25279E5C2C0580EF00E54DA6 /* NetworkProvider.swift */ = {isa = PBXFileReference; lastKnownFileType = sourcecode.swift; path = NetworkProvider.swift; sourceTree = "<group>"; };
		25279E5E2C05829C00E54DA6 /* NetworkClient.swift */ = {isa = PBXFileReference; lastKnownFileType = sourcecode.swift; path = NetworkClient.swift; sourceTree = "<group>"; };
		25279E602C0583AF00E54DA6 /* NetworkError.swift */ = {isa = PBXFileReference; lastKnownFileType = sourcecode.swift; path = NetworkError.swift; sourceTree = "<group>"; };
		25279E622C05848100E54DA6 /* URLSessionNetworkProvider.swift */ = {isa = PBXFileReference; lastKnownFileType = sourcecode.swift; path = URLSessionNetworkProvider.swift; sourceTree = "<group>"; };
		25279E642C058D1500E54DA6 /* AppDependencies.swift */ = {isa = PBXFileReference; lastKnownFileType = sourcecode.swift; path = AppDependencies.swift; sourceTree = "<group>"; };
		25279E662C058E0400E54DA6 /* BaseNetworkProvider.swift */ = {isa = PBXFileReference; lastKnownFileType = sourcecode.swift; path = BaseNetworkProvider.swift; sourceTree = "<group>"; };
		25279E682C058F8900E54DA6 /* BaseNetworkProviderRequest.swift */ = {isa = PBXFileReference; lastKnownFileType = sourcecode.swift; path = BaseNetworkProviderRequest.swift; sourceTree = "<group>"; };
		25279E6D2C07A07600E54DA6 /* PokeListWorker.swift */ = {isa = PBXFileReference; lastKnownFileType = sourcecode.swift; path = PokeListWorker.swift; sourceTree = "<group>"; };
		25279E702C07A61700E54DA6 /* Pokemon.swift */ = {isa = PBXFileReference; lastKnownFileType = sourcecode.swift; path = Pokemon.swift; sourceTree = "<group>"; };
		25279E722C08240E00E54DA6 /* Pagination.swift */ = {isa = PBXFileReference; lastKnownFileType = sourcecode.swift; path = Pagination.swift; sourceTree = "<group>"; };
		25279E742C082C9200E54DA6 /* PokeListViewUI.swift */ = {isa = PBXFileReference; lastKnownFileType = sourcecode.swift; path = PokeListViewUI.swift; sourceTree = "<group>"; };
		25279E762C082D8600E54DA6 /* PokeListListCell.swift */ = {isa = PBXFileReference; lastKnownFileType = sourcecode.swift; path = PokeListListCell.swift; sourceTree = "<group>"; };
		25279E782C08F24F00E54DA6 /* PokeDetailsView.swift */ = {isa = PBXFileReference; lastKnownFileType = sourcecode.swift; path = PokeDetailsView.swift; sourceTree = "<group>"; };
		25279E7B2C096E2600E54DA6 /* Pokedex.xctestplan */ = {isa = PBXFileReference; lastKnownFileType = text; path = Pokedex.xctestplan; sourceTree = "<group>"; };
		25279E7C2C096EC200E54DA6 /* PokeDetailsViewModel.swift */ = {isa = PBXFileReference; lastKnownFileType = sourcecode.swift; path = PokeDetailsViewModel.swift; sourceTree = "<group>"; };
		25279E7E2C096F2D00E54DA6 /* PokeDetailsDomain.swift */ = {isa = PBXFileReference; lastKnownFileType = sourcecode.swift; path = PokeDetailsDomain.swift; sourceTree = "<group>"; };
		25279E802C09713000E54DA6 /* PokeDetailsWorker.swift */ = {isa = PBXFileReference; lastKnownFileType = sourcecode.swift; path = PokeDetailsWorker.swift; sourceTree = "<group>"; };
/* End PBXFileReference section */

/* Begin PBXFrameworksBuildPhase section */
		25279E002C03E48700E54DA6 /* Frameworks */ = {
			isa = PBXFrameworksBuildPhase;
			buildActionMask = 2147483647;
			files = (
				25279E542C05661100E54DA6 /* AlamofireImage in Frameworks */,
				25279E6C2C05966000E54DA6 /* Swinject in Frameworks */,
			);
			runOnlyForDeploymentPostprocessing = 0;
		};
		25279E162C03E48900E54DA6 /* Frameworks */ = {
			isa = PBXFrameworksBuildPhase;
			buildActionMask = 2147483647;
			files = (
			);
			runOnlyForDeploymentPostprocessing = 0;
		};
		25279E202C03E48900E54DA6 /* Frameworks */ = {
			isa = PBXFrameworksBuildPhase;
			buildActionMask = 2147483647;
			files = (
			);
			runOnlyForDeploymentPostprocessing = 0;
		};
/* End PBXFrameworksBuildPhase section */

/* Begin PBXGroup section */
		25279DFA2C03E48700E54DA6 = {
			isa = PBXGroup;
			children = (
				25279E7B2C096E2600E54DA6 /* Pokedex.xctestplan */,
				25279E052C03E48700E54DA6 /* Pokedex */,
				25279E1C2C03E48900E54DA6 /* PokedexTests */,
				25279E262C03E48900E54DA6 /* PokedexUITests */,
				25279E042C03E48700E54DA6 /* Products */,
			);
			sourceTree = "<group>";
		};
		25279E042C03E48700E54DA6 /* Products */ = {
			isa = PBXGroup;
			children = (
				25279E032C03E48700E54DA6 /* Pokedex.app */,
				25279E192C03E48900E54DA6 /* PokedexTests.xctest */,
				25279E232C03E48900E54DA6 /* PokedexUITests.xctest */,
			);
			name = Products;
			sourceTree = "<group>";
		};
		25279E052C03E48700E54DA6 /* Pokedex */ = {
			isa = PBXGroup;
			children = (
				25279E6F2C07A60E00E54DA6 /* Classes */,
				25279E582C057C7D00E54DA6 /* fonts */,
				25279E442C04D6DE00E54DA6 /* Libraries */,
				25279E3C2C04D2B700E54DA6 /* Features */,
				25279E062C03E48700E54DA6 /* AppDelegate.swift */,
				25279E642C058D1500E54DA6 /* AppDependencies.swift */,
				25279E0C2C03E48700E54DA6 /* Main.storyboard */,
				25279E0F2C03E48800E54DA6 /* Assets.xcassets */,
				25279E112C03E48800E54DA6 /* LaunchScreen.storyboard */,
				25279E142C03E48800E54DA6 /* Info.plist */,
				25279E472C04D81100E54DA6 /* AppCoordinator.swift */,
			);
			path = Pokedex;
			sourceTree = "<group>";
		};
		25279E1C2C03E48900E54DA6 /* PokedexTests */ = {
			isa = PBXGroup;
			children = (
				25279E1D2C03E48900E54DA6 /* PokedexTests.swift */,
			);
			path = PokedexTests;
			sourceTree = "<group>";
		};
		25279E262C03E48900E54DA6 /* PokedexUITests */ = {
			isa = PBXGroup;
			children = (
				25279E272C03E48900E54DA6 /* PokedexUITests.swift */,
				25279E292C03E48900E54DA6 /* PokedexUITestsLaunchTests.swift */,
			);
			path = PokedexUITests;
			sourceTree = "<group>";
		};
		25279E3C2C04D2B700E54DA6 /* Features */ = {
			isa = PBXGroup;
			children = (
				25279E7A2C08F25C00E54DA6 /* PokeDetails */,
				25279E3D2C04D34F00E54DA6 /* PokeList */,
			);
			path = Features;
			sourceTree = "<group>";
		};
		25279E3D2C04D34F00E54DA6 /* PokeList */ = {
			isa = PBXGroup;
			children = (
				25279E4F2C0542DB00E54DA6 /* Cells */,
				25279E3E2C04D37800E54DA6 /* PokeListViewController.swift */,
				25279E422C04D44100E54DA6 /* PokeListCoordinator.swift */,
				25279E492C04DCE100E54DA6 /* PokeListViewModel.swift */,
				25279E4D2C04E1BB00E54DA6 /* PokeListDomain.swift */,
				25279E6D2C07A07600E54DA6 /* PokeListWorker.swift */,
				25279E742C082C9200E54DA6 /* PokeListViewUI.swift */,
			);
			path = PokeList;
			sourceTree = "<group>";
		};
		25279E442C04D6DE00E54DA6 /* Libraries */ = {
			isa = PBXGroup;
			children = (
				25279E5B2C0580E500E54DA6 /* Network */,
				25279E452C04D6F100E54DA6 /* Coordinator.swift */,
				25279E662C058E0400E54DA6 /* BaseNetworkProvider.swift */,
				25279E4B2C04E05A00E54DA6 /* BaseViewModel.swift */,
			);
			path = Libraries;
			sourceTree = "<group>";
		};
		25279E4F2C0542DB00E54DA6 /* Cells */ = {
			isa = PBXGroup;
			children = (
				25279E762C082D8600E54DA6 /* PokeListListCell.swift */,
			);
			path = Cells;
			sourceTree = "<group>";
		};
		25279E582C057C7D00E54DA6 /* fonts */ = {
			isa = PBXGroup;
			children = (
				25279E592C057CA300E54DA6 /* PokeFont.ttf */,
			);
			path = fonts;
			sourceTree = "<group>";
		};
		25279E5B2C0580E500E54DA6 /* Network */ = {
			isa = PBXGroup;
			children = (
				25279E622C05848100E54DA6 /* URLSessionNetworkProvider.swift */,
				25279E5C2C0580EF00E54DA6 /* NetworkProvider.swift */,
				25279E5E2C05829C00E54DA6 /* NetworkClient.swift */,
				25279E602C0583AF00E54DA6 /* NetworkError.swift */,
				25279E682C058F8900E54DA6 /* BaseNetworkProviderRequest.swift */,
			);
			path = Network;
			sourceTree = "<group>";
		};
		25279E6F2C07A60E00E54DA6 /* Classes */ = {
			isa = PBXGroup;
			children = (
				25279E702C07A61700E54DA6 /* Pokemon.swift */,
				25279E722C08240E00E54DA6 /* Pagination.swift */,
			);
			path = Classes;
			sourceTree = "<group>";
		};
		25279E7A2C08F25C00E54DA6 /* PokeDetails */ = {
			isa = PBXGroup;
			children = (
				25279E782C08F24F00E54DA6 /* PokeDetailsView.swift */,
				25279E7C2C096EC200E54DA6 /* PokeDetailsViewModel.swift */,
				25279E7E2C096F2D00E54DA6 /* PokeDetailsDomain.swift */,
				25279E802C09713000E54DA6 /* PokeDetailsWorker.swift */,
			);
			path = PokeDetails;
			sourceTree = "<group>";
		};
/* End PBXGroup section */

/* Begin PBXNativeTarget section */
		25279E022C03E48700E54DA6 /* Pokedex */ = {
			isa = PBXNativeTarget;
			buildConfigurationList = 25279E2D2C03E48900E54DA6 /* Build configuration list for PBXNativeTarget "Pokedex" */;
			buildPhases = (
				25279DFF2C03E48700E54DA6 /* Sources */,
				25279E002C03E48700E54DA6 /* Frameworks */,
				25279E012C03E48700E54DA6 /* Resources */,
			);
			buildRules = (
			);
			dependencies = (
			);
			name = Pokedex;
			packageProductDependencies = (
				25279E532C05661100E54DA6 /* AlamofireImage */,
				25279E6B2C05966000E54DA6 /* Swinject */,
			);
			productName = Pokedex;
			productReference = 25279E032C03E48700E54DA6 /* Pokedex.app */;
			productType = "com.apple.product-type.application";
		};
		25279E182C03E48900E54DA6 /* PokedexTests */ = {
			isa = PBXNativeTarget;
			buildConfigurationList = 25279E302C03E48900E54DA6 /* Build configuration list for PBXNativeTarget "PokedexTests" */;
			buildPhases = (
				25279E152C03E48900E54DA6 /* Sources */,
				25279E162C03E48900E54DA6 /* Frameworks */,
				25279E172C03E48900E54DA6 /* Resources */,
			);
			buildRules = (
			);
			dependencies = (
				25279E1B2C03E48900E54DA6 /* PBXTargetDependency */,
			);
			name = PokedexTests;
			productName = PokedexTests;
			productReference = 25279E192C03E48900E54DA6 /* PokedexTests.xctest */;
			productType = "com.apple.product-type.bundle.unit-test";
		};
		25279E222C03E48900E54DA6 /* PokedexUITests */ = {
			isa = PBXNativeTarget;
			buildConfigurationList = 25279E332C03E48900E54DA6 /* Build configuration list for PBXNativeTarget "PokedexUITests" */;
			buildPhases = (
				25279E1F2C03E48900E54DA6 /* Sources */,
				25279E202C03E48900E54DA6 /* Frameworks */,
				25279E212C03E48900E54DA6 /* Resources */,
			);
			buildRules = (
			);
			dependencies = (
				25279E252C03E48900E54DA6 /* PBXTargetDependency */,
			);
			name = PokedexUITests;
			productName = PokedexUITests;
			productReference = 25279E232C03E48900E54DA6 /* PokedexUITests.xctest */;
			productType = "com.apple.product-type.bundle.ui-testing";
		};
/* End PBXNativeTarget section */

/* Begin PBXProject section */
		25279DFB2C03E48700E54DA6 /* Project object */ = {
			isa = PBXProject;
			attributes = {
				BuildIndependentTargetsInParallel = 1;
				LastSwiftUpdateCheck = 1530;
				LastUpgradeCheck = 1530;
				TargetAttributes = {
					25279E022C03E48700E54DA6 = {
						CreatedOnToolsVersion = 15.3;
					};
					25279E182C03E48900E54DA6 = {
						CreatedOnToolsVersion = 15.3;
						TestTargetID = 25279E022C03E48700E54DA6;
					};
					25279E222C03E48900E54DA6 = {
						CreatedOnToolsVersion = 15.3;
						TestTargetID = 25279E022C03E48700E54DA6;
					};
				};
			};
			buildConfigurationList = 25279DFE2C03E48700E54DA6 /* Build configuration list for PBXProject "Pokedex" */;
			compatibilityVersion = "Xcode 14.0";
			developmentRegion = en;
			hasScannedForEncodings = 0;
			knownRegions = (
				en,
				Base,
			);
			mainGroup = 25279DFA2C03E48700E54DA6;
			packageReferences = (
				25279E522C05661000E54DA6 /* XCRemoteSwiftPackageReference "AlamofireImage" */,
				25279E6A2C05966000E54DA6 /* XCRemoteSwiftPackageReference "Swinject" */,
			);
			productRefGroup = 25279E042C03E48700E54DA6 /* Products */;
			projectDirPath = "";
			projectRoot = "";
			targets = (
				25279E022C03E48700E54DA6 /* Pokedex */,
				25279E182C03E48900E54DA6 /* PokedexTests */,
				25279E222C03E48900E54DA6 /* PokedexUITests */,
			);
		};
/* End PBXProject section */

/* Begin PBXResourcesBuildPhase section */
		25279E012C03E48700E54DA6 /* Resources */ = {
			isa = PBXResourcesBuildPhase;
			buildActionMask = 2147483647;
			files = (
				25279E5A2C057CA300E54DA6 /* PokeFont.ttf in Resources */,
				25279E102C03E48800E54DA6 /* Assets.xcassets in Resources */,
				25279E132C03E48800E54DA6 /* Base in Resources */,
				25279E0E2C03E48700E54DA6 /* Base in Resources */,
			);
			runOnlyForDeploymentPostprocessing = 0;
		};
		25279E172C03E48900E54DA6 /* Resources */ = {
			isa = PBXResourcesBuildPhase;
			buildActionMask = 2147483647;
			files = (
			);
			runOnlyForDeploymentPostprocessing = 0;
		};
		25279E212C03E48900E54DA6 /* Resources */ = {
			isa = PBXResourcesBuildPhase;
			buildActionMask = 2147483647;
			files = (
			);
			runOnlyForDeploymentPostprocessing = 0;
		};
/* End PBXResourcesBuildPhase section */

/* Begin PBXSourcesBuildPhase section */
		25279DFF2C03E48700E54DA6 /* Sources */ = {
			isa = PBXSourcesBuildPhase;
			buildActionMask = 2147483647;
			files = (
				25279E4A2C04DCE100E54DA6 /* PokeListViewModel.swift in Sources */,
				25279E4C2C04E05A00E54DA6 /* BaseViewModel.swift in Sources */,
				25279E772C082D8600E54DA6 /* PokeListListCell.swift in Sources */,
				25279E692C058F8900E54DA6 /* BaseNetworkProviderRequest.swift in Sources */,
				25279E652C058D1500E54DA6 /* AppDependencies.swift in Sources */,
				25279E752C082C9200E54DA6 /* PokeListViewUI.swift in Sources */,
				25279E712C07A61700E54DA6 /* Pokemon.swift in Sources */,
				25279E7F2C096F2D00E54DA6 /* PokeDetailsDomain.swift in Sources */,
				25279E672C058E0400E54DA6 /* BaseNetworkProvider.swift in Sources */,
				25279E812C09713000E54DA6 /* PokeDetailsWorker.swift in Sources */,
				25279E3F2C04D37800E54DA6 /* PokeListViewController.swift in Sources */,
				25279E072C03E48700E54DA6 /* AppDelegate.swift in Sources */,
				25279E482C04D81100E54DA6 /* AppCoordinator.swift in Sources */,
				25279E6E2C07A07600E54DA6 /* PokeListWorker.swift in Sources */,
				25279E632C05848100E54DA6 /* URLSessionNetworkProvider.swift in Sources */,
				25279E5D2C0580EF00E54DA6 /* NetworkProvider.swift in Sources */,
				25279E792C08F24F00E54DA6 /* PokeDetailsView.swift in Sources */,
				25279E4E2C04E1BB00E54DA6 /* PokeListDomain.swift in Sources */,
				25279E7D2C096EC200E54DA6 /* PokeDetailsViewModel.swift in Sources */,
				25279E432C04D44100E54DA6 /* PokeListCoordinator.swift in Sources */,
				25279E612C0583AF00E54DA6 /* NetworkError.swift in Sources */,
				25279E732C08240E00E54DA6 /* Pagination.swift in Sources */,
				25279E462C04D6F100E54DA6 /* Coordinator.swift in Sources */,
				25279E5F2C05829C00E54DA6 /* NetworkClient.swift in Sources */,
			);
			runOnlyForDeploymentPostprocessing = 0;
		};
		25279E152C03E48900E54DA6 /* Sources */ = {
			isa = PBXSourcesBuildPhase;
			buildActionMask = 2147483647;
			files = (
				25279E1E2C03E48900E54DA6 /* PokedexTests.swift in Sources */,
			);
			runOnlyForDeploymentPostprocessing = 0;
		};
		25279E1F2C03E48900E54DA6 /* Sources */ = {
			isa = PBXSourcesBuildPhase;
			buildActionMask = 2147483647;
			files = (
				25279E282C03E48900E54DA6 /* PokedexUITests.swift in Sources */,
				25279E2A2C03E48900E54DA6 /* PokedexUITestsLaunchTests.swift in Sources */,
			);
			runOnlyForDeploymentPostprocessing = 0;
		};
/* End PBXSourcesBuildPhase section */

/* Begin PBXTargetDependency section */
		25279E1B2C03E48900E54DA6 /* PBXTargetDependency */ = {
			isa = PBXTargetDependency;
			target = 25279E022C03E48700E54DA6 /* Pokedex */;
			targetProxy = 25279E1A2C03E48900E54DA6 /* PBXContainerItemProxy */;
		};
		25279E252C03E48900E54DA6 /* PBXTargetDependency */ = {
			isa = PBXTargetDependency;
			target = 25279E022C03E48700E54DA6 /* Pokedex */;
			targetProxy = 25279E242C03E48900E54DA6 /* PBXContainerItemProxy */;
		};
/* End PBXTargetDependency section */

/* Begin PBXVariantGroup section */
		25279E0C2C03E48700E54DA6 /* Main.storyboard */ = {
			isa = PBXVariantGroup;
			children = (
				25279E0D2C03E48700E54DA6 /* Base */,
			);
			name = Main.storyboard;
			sourceTree = "<group>";
		};
		25279E112C03E48800E54DA6 /* LaunchScreen.storyboard */ = {
			isa = PBXVariantGroup;
			children = (
				25279E122C03E48800E54DA6 /* Base */,
			);
			name = LaunchScreen.storyboard;
			sourceTree = "<group>";
		};
/* End PBXVariantGroup section */

/* Begin XCBuildConfiguration section */
		25279E2B2C03E48900E54DA6 /* Debug */ = {
			isa = XCBuildConfiguration;
			buildSettings = {
				ALWAYS_SEARCH_USER_PATHS = NO;
				ASSETCATALOG_COMPILER_GENERATE_SWIFT_ASSET_SYMBOL_EXTENSIONS = YES;
				CLANG_ANALYZER_NONNULL = YES;
				CLANG_ANALYZER_NUMBER_OBJECT_CONVERSION = YES_AGGRESSIVE;
				CLANG_CXX_LANGUAGE_STANDARD = "gnu++20";
				CLANG_ENABLE_MODULES = YES;
				CLANG_ENABLE_OBJC_ARC = YES;
				CLANG_ENABLE_OBJC_WEAK = YES;
				CLANG_WARN_BLOCK_CAPTURE_AUTORELEASING = YES;
				CLANG_WARN_BOOL_CONVERSION = YES;
				CLANG_WARN_COMMA = YES;
				CLANG_WARN_CONSTANT_CONVERSION = YES;
				CLANG_WARN_DEPRECATED_OBJC_IMPLEMENTATIONS = YES;
				CLANG_WARN_DIRECT_OBJC_ISA_USAGE = YES_ERROR;
				CLANG_WARN_DOCUMENTATION_COMMENTS = YES;
				CLANG_WARN_EMPTY_BODY = YES;
				CLANG_WARN_ENUM_CONVERSION = YES;
				CLANG_WARN_INFINITE_RECURSION = YES;
				CLANG_WARN_INT_CONVERSION = YES;
				CLANG_WARN_NON_LITERAL_NULL_CONVERSION = YES;
				CLANG_WARN_OBJC_IMPLICIT_RETAIN_SELF = YES;
				CLANG_WARN_OBJC_LITERAL_CONVERSION = YES;
				CLANG_WARN_OBJC_ROOT_CLASS = YES_ERROR;
				CLANG_WARN_QUOTED_INCLUDE_IN_FRAMEWORK_HEADER = YES;
				CLANG_WARN_RANGE_LOOP_ANALYSIS = YES;
				CLANG_WARN_STRICT_PROTOTYPES = YES;
				CLANG_WARN_SUSPICIOUS_MOVE = YES;
				CLANG_WARN_UNGUARDED_AVAILABILITY = YES_AGGRESSIVE;
				CLANG_WARN_UNREACHABLE_CODE = YES;
				CLANG_WARN__DUPLICATE_METHOD_MATCH = YES;
				COPY_PHASE_STRIP = NO;
				DEBUG_INFORMATION_FORMAT = dwarf;
				ENABLE_STRICT_OBJC_MSGSEND = YES;
				ENABLE_TESTABILITY = YES;
				ENABLE_USER_SCRIPT_SANDBOXING = YES;
				GCC_C_LANGUAGE_STANDARD = gnu17;
				GCC_DYNAMIC_NO_PIC = NO;
				GCC_NO_COMMON_BLOCKS = YES;
				GCC_OPTIMIZATION_LEVEL = 0;
				GCC_PREPROCESSOR_DEFINITIONS = (
					"DEBUG=1",
					"$(inherited)",
				);
				GCC_WARN_64_TO_32_BIT_CONVERSION = YES;
				GCC_WARN_ABOUT_RETURN_TYPE = YES_ERROR;
				GCC_WARN_UNDECLARED_SELECTOR = YES;
				GCC_WARN_UNINITIALIZED_AUTOS = YES_AGGRESSIVE;
				GCC_WARN_UNUSED_FUNCTION = YES;
				GCC_WARN_UNUSED_VARIABLE = YES;
				IPHONEOS_DEPLOYMENT_TARGET = 17.4;
				LOCALIZATION_PREFERS_STRING_CATALOGS = YES;
				MTL_ENABLE_DEBUG_INFO = INCLUDE_SOURCE;
				MTL_FAST_MATH = YES;
				ONLY_ACTIVE_ARCH = YES;
				SDKROOT = iphoneos;
				SWIFT_ACTIVE_COMPILATION_CONDITIONS = "DEBUG $(inherited)";
				SWIFT_OPTIMIZATION_LEVEL = "-Onone";
			};
			name = Debug;
		};
		25279E2C2C03E48900E54DA6 /* Release */ = {
			isa = XCBuildConfiguration;
			buildSettings = {
				ALWAYS_SEARCH_USER_PATHS = NO;
				ASSETCATALOG_COMPILER_GENERATE_SWIFT_ASSET_SYMBOL_EXTENSIONS = YES;
				CLANG_ANALYZER_NONNULL = YES;
				CLANG_ANALYZER_NUMBER_OBJECT_CONVERSION = YES_AGGRESSIVE;
				CLANG_CXX_LANGUAGE_STANDARD = "gnu++20";
				CLANG_ENABLE_MODULES = YES;
				CLANG_ENABLE_OBJC_ARC = YES;
				CLANG_ENABLE_OBJC_WEAK = YES;
				CLANG_WARN_BLOCK_CAPTURE_AUTORELEASING = YES;
				CLANG_WARN_BOOL_CONVERSION = YES;
				CLANG_WARN_COMMA = YES;
				CLANG_WARN_CONSTANT_CONVERSION = YES;
				CLANG_WARN_DEPRECATED_OBJC_IMPLEMENTATIONS = YES;
				CLANG_WARN_DIRECT_OBJC_ISA_USAGE = YES_ERROR;
				CLANG_WARN_DOCUMENTATION_COMMENTS = YES;
				CLANG_WARN_EMPTY_BODY = YES;
				CLANG_WARN_ENUM_CONVERSION = YES;
				CLANG_WARN_INFINITE_RECURSION = YES;
				CLANG_WARN_INT_CONVERSION = YES;
				CLANG_WARN_NON_LITERAL_NULL_CONVERSION = YES;
				CLANG_WARN_OBJC_IMPLICIT_RETAIN_SELF = YES;
				CLANG_WARN_OBJC_LITERAL_CONVERSION = YES;
				CLANG_WARN_OBJC_ROOT_CLASS = YES_ERROR;
				CLANG_WARN_QUOTED_INCLUDE_IN_FRAMEWORK_HEADER = YES;
				CLANG_WARN_RANGE_LOOP_ANALYSIS = YES;
				CLANG_WARN_STRICT_PROTOTYPES = YES;
				CLANG_WARN_SUSPICIOUS_MOVE = YES;
				CLANG_WARN_UNGUARDED_AVAILABILITY = YES_AGGRESSIVE;
				CLANG_WARN_UNREACHABLE_CODE = YES;
				CLANG_WARN__DUPLICATE_METHOD_MATCH = YES;
				COPY_PHASE_STRIP = NO;
				DEBUG_INFORMATION_FORMAT = "dwarf-with-dsym";
				ENABLE_NS_ASSERTIONS = NO;
				ENABLE_STRICT_OBJC_MSGSEND = YES;
				ENABLE_USER_SCRIPT_SANDBOXING = YES;
				GCC_C_LANGUAGE_STANDARD = gnu17;
				GCC_NO_COMMON_BLOCKS = YES;
				GCC_WARN_64_TO_32_BIT_CONVERSION = YES;
				GCC_WARN_ABOUT_RETURN_TYPE = YES_ERROR;
				GCC_WARN_UNDECLARED_SELECTOR = YES;
				GCC_WARN_UNINITIALIZED_AUTOS = YES_AGGRESSIVE;
				GCC_WARN_UNUSED_FUNCTION = YES;
				GCC_WARN_UNUSED_VARIABLE = YES;
				IPHONEOS_DEPLOYMENT_TARGET = 17.4;
				LOCALIZATION_PREFERS_STRING_CATALOGS = YES;
				MTL_ENABLE_DEBUG_INFO = NO;
				MTL_FAST_MATH = YES;
				SDKROOT = iphoneos;
				SWIFT_COMPILATION_MODE = wholemodule;
				VALIDATE_PRODUCT = YES;
			};
			name = Release;
		};
		25279E2E2C03E48900E54DA6 /* Debug */ = {
			isa = XCBuildConfiguration;
			buildSettings = {
				ASSETCATALOG_COMPILER_APPICON_NAME = AppIcon;
				ASSETCATALOG_COMPILER_GLOBAL_ACCENT_COLOR_NAME = AccentColor;
				CODE_SIGN_STYLE = Automatic;
				CURRENT_PROJECT_VERSION = 1;
				GENERATE_INFOPLIST_FILE = YES;
				INFOPLIST_FILE = Pokedex/Info.plist;
				INFOPLIST_KEY_UIApplicationSupportsIndirectInputEvents = YES;
				INFOPLIST_KEY_UILaunchStoryboardName = LaunchScreen;
				INFOPLIST_KEY_UIMainStoryboardFile = Main;
				INFOPLIST_KEY_UISupportedInterfaceOrientations_iPad = "UIInterfaceOrientationPortrait UIInterfaceOrientationPortraitUpsideDown UIInterfaceOrientationLandscapeLeft UIInterfaceOrientationLandscapeRight";
				INFOPLIST_KEY_UISupportedInterfaceOrientations_iPhone = "UIInterfaceOrientationPortrait UIInterfaceOrientationLandscapeLeft UIInterfaceOrientationLandscapeRight";
				LD_RUNPATH_SEARCH_PATHS = (
					"$(inherited)",
					"@executable_path/Frameworks",
				);
				MARKETING_VERSION = 1.0;
				PRODUCT_BUNDLE_IDENTIFIER = com.luiz.Pokedex;
				PRODUCT_NAME = "$(TARGET_NAME)";
				SWIFT_EMIT_LOC_STRINGS = YES;
				SWIFT_VERSION = 5.0;
				TARGETED_DEVICE_FAMILY = "1,2";
			};
			name = Debug;
		};
		25279E2F2C03E48900E54DA6 /* Release */ = {
			isa = XCBuildConfiguration;
			buildSettings = {
				ASSETCATALOG_COMPILER_APPICON_NAME = AppIcon;
				ASSETCATALOG_COMPILER_GLOBAL_ACCENT_COLOR_NAME = AccentColor;
				CODE_SIGN_STYLE = Automatic;
				CURRENT_PROJECT_VERSION = 1;
				GENERATE_INFOPLIST_FILE = YES;
				INFOPLIST_FILE = Pokedex/Info.plist;
				INFOPLIST_KEY_UIApplicationSupportsIndirectInputEvents = YES;
				INFOPLIST_KEY_UILaunchStoryboardName = LaunchScreen;
				INFOPLIST_KEY_UIMainStoryboardFile = Main;
				INFOPLIST_KEY_UISupportedInterfaceOrientations_iPad = "UIInterfaceOrientationPortrait UIInterfaceOrientationPortraitUpsideDown UIInterfaceOrientationLandscapeLeft UIInterfaceOrientationLandscapeRight";
				INFOPLIST_KEY_UISupportedInterfaceOrientations_iPhone = "UIInterfaceOrientationPortrait UIInterfaceOrientationLandscapeLeft UIInterfaceOrientationLandscapeRight";
				LD_RUNPATH_SEARCH_PATHS = (
					"$(inherited)",
					"@executable_path/Frameworks",
				);
				MARKETING_VERSION = 1.0;
				PRODUCT_BUNDLE_IDENTIFIER = com.luiz.Pokedex;
				PRODUCT_NAME = "$(TARGET_NAME)";
				SWIFT_EMIT_LOC_STRINGS = YES;
				SWIFT_VERSION = 5.0;
				TARGETED_DEVICE_FAMILY = "1,2";
			};
			name = Release;
		};
		25279E312C03E48900E54DA6 /* Debug */ = {
			isa = XCBuildConfiguration;
			buildSettings = {
				ALWAYS_EMBED_SWIFT_STANDARD_LIBRARIES = YES;
				BUNDLE_LOADER = "$(TEST_HOST)";
				CODE_SIGN_STYLE = Automatic;
				CURRENT_PROJECT_VERSION = 1;
				GENERATE_INFOPLIST_FILE = YES;
				IPHONEOS_DEPLOYMENT_TARGET = 17.4;
				MARKETING_VERSION = 1.0;
				PRODUCT_BUNDLE_IDENTIFIER = com.luiz.PokedexTests;
				PRODUCT_NAME = "$(TARGET_NAME)";
				SWIFT_EMIT_LOC_STRINGS = NO;
				SWIFT_VERSION = 5.0;
				TARGETED_DEVICE_FAMILY = "1,2";
				TEST_HOST = "$(BUILT_PRODUCTS_DIR)/Pokedex.app/$(BUNDLE_EXECUTABLE_FOLDER_PATH)/Pokedex";
			};
			name = Debug;
		};
		25279E322C03E48900E54DA6 /* Release */ = {
			isa = XCBuildConfiguration;
			buildSettings = {
				ALWAYS_EMBED_SWIFT_STANDARD_LIBRARIES = YES;
				BUNDLE_LOADER = "$(TEST_HOST)";
				CODE_SIGN_STYLE = Automatic;
				CURRENT_PROJECT_VERSION = 1;
				GENERATE_INFOPLIST_FILE = YES;
				IPHONEOS_DEPLOYMENT_TARGET = 17.4;
				MARKETING_VERSION = 1.0;
				PRODUCT_BUNDLE_IDENTIFIER = com.luiz.PokedexTests;
				PRODUCT_NAME = "$(TARGET_NAME)";
				SWIFT_EMIT_LOC_STRINGS = NO;
				SWIFT_VERSION = 5.0;
				TARGETED_DEVICE_FAMILY = "1,2";
				TEST_HOST = "$(BUILT_PRODUCTS_DIR)/Pokedex.app/$(BUNDLE_EXECUTABLE_FOLDER_PATH)/Pokedex";
			};
			name = Release;
		};
		25279E342C03E48900E54DA6 /* Debug */ = {
			isa = XCBuildConfiguration;
			buildSettings = {
				ALWAYS_EMBED_SWIFT_STANDARD_LIBRARIES = YES;
				CODE_SIGN_STYLE = Automatic;
				CURRENT_PROJECT_VERSION = 1;
				GENERATE_INFOPLIST_FILE = YES;
				MARKETING_VERSION = 1.0;
				PRODUCT_BUNDLE_IDENTIFIER = com.luiz.PokedexUITests;
				PRODUCT_NAME = "$(TARGET_NAME)";
				SWIFT_EMIT_LOC_STRINGS = NO;
				SWIFT_VERSION = 5.0;
				TARGETED_DEVICE_FAMILY = "1,2";
				TEST_TARGET_NAME = Pokedex;
			};
			name = Debug;
		};
		25279E352C03E48900E54DA6 /* Release */ = {
			isa = XCBuildConfiguration;
			buildSettings = {
				ALWAYS_EMBED_SWIFT_STANDARD_LIBRARIES = YES;
				CODE_SIGN_STYLE = Automatic;
				CURRENT_PROJECT_VERSION = 1;
				GENERATE_INFOPLIST_FILE = YES;
				MARKETING_VERSION = 1.0;
				PRODUCT_BUNDLE_IDENTIFIER = com.luiz.PokedexUITests;
				PRODUCT_NAME = "$(TARGET_NAME)";
				SWIFT_EMIT_LOC_STRINGS = NO;
				SWIFT_VERSION = 5.0;
				TARGETED_DEVICE_FAMILY = "1,2";
				TEST_TARGET_NAME = Pokedex;
			};
			name = Release;
		};
/* End XCBuildConfiguration section */

/* Begin XCConfigurationList section */
		25279DFE2C03E48700E54DA6 /* Build configuration list for PBXProject "Pokedex" */ = {
			isa = XCConfigurationList;
			buildConfigurations = (
				25279E2B2C03E48900E54DA6 /* Debug */,
				25279E2C2C03E48900E54DA6 /* Release */,
			);
			defaultConfigurationIsVisible = 0;
			defaultConfigurationName = Release;
		};
		25279E2D2C03E48900E54DA6 /* Build configuration list for PBXNativeTarget "Pokedex" */ = {
			isa = XCConfigurationList;
			buildConfigurations = (
				25279E2E2C03E48900E54DA6 /* Debug */,
				25279E2F2C03E48900E54DA6 /* Release */,
			);
			defaultConfigurationIsVisible = 0;
			defaultConfigurationName = Release;
		};
		25279E302C03E48900E54DA6 /* Build configuration list for PBXNativeTarget "PokedexTests" */ = {
			isa = XCConfigurationList;
			buildConfigurations = (
				25279E312C03E48900E54DA6 /* Debug */,
				25279E322C03E48900E54DA6 /* Release */,
			);
			defaultConfigurationIsVisible = 0;
			defaultConfigurationName = Release;
		};
		25279E332C03E48900E54DA6 /* Build configuration list for PBXNativeTarget "PokedexUITests" */ = {
			isa = XCConfigurationList;
			buildConfigurations = (
				25279E342C03E48900E54DA6 /* Debug */,
				25279E352C03E48900E54DA6 /* Release */,
			);
			defaultConfigurationIsVisible = 0;
			defaultConfigurationName = Release;
		};
/* End XCConfigurationList section */

/* Begin XCRemoteSwiftPackageReference section */
		25279E522C05661000E54DA6 /* XCRemoteSwiftPackageReference "AlamofireImage" */ = {
			isa = XCRemoteSwiftPackageReference;
			repositoryURL = "https://github.com/Alamofire/AlamofireImage.git";
			requirement = {
				kind = upToNextMajorVersion;
				minimumVersion = 4.3.0;
			};
		};
		25279E6A2C05966000E54DA6 /* XCRemoteSwiftPackageReference "Swinject" */ = {
			isa = XCRemoteSwiftPackageReference;
			repositoryURL = "https://github.com/Swinject/Swinject.git";
			requirement = {
				kind = upToNextMajorVersion;
				minimumVersion = 2.8.8;
			};
		};
/* End XCRemoteSwiftPackageReference section */

/* Begin XCSwiftPackageProductDependency section */
		25279E532C05661100E54DA6 /* AlamofireImage */ = {
			isa = XCSwiftPackageProductDependency;
			package = 25279E522C05661000E54DA6 /* XCRemoteSwiftPackageReference "AlamofireImage" */;
			productName = AlamofireImage;
		};
		25279E6B2C05966000E54DA6 /* Swinject */ = {
			isa = XCSwiftPackageProductDependency;
			package = 25279E6A2C05966000E54DA6 /* XCRemoteSwiftPackageReference "Swinject" */;
			productName = Swinject;
		};
/* End XCSwiftPackageProductDependency section */
	};
	rootObject = 25279DFB2C03E48700E54DA6 /* Project object */;
}
